// !$*UTF8*$!
{
	archiveVersion = 1;
	classes = {
	};
	objectVersion = 50;
	objects = {

/* Begin PBXBuildFile section */
		CE36C96C26ADBDA500382DEB /* UsersData.swift in Sources */ = {isa = PBXBuildFile; fileRef = CE36C96B26ADBDA500382DEB /* UsersData.swift */; };
		CE36C96F26ADBF3D00382DEB /* User.swift in Sources */ = {isa = PBXBuildFile; fileRef = CE36C96E26ADBF3D00382DEB /* User.swift */; };
		CE36C97126ADBF5B00382DEB /* UserTests.swift in Sources */ = {isa = PBXBuildFile; fileRef = CE36C97026ADBF5B00382DEB /* UserTests.swift */; };
		CE790A7726A866FB00A78E4E /* AppDelegate.swift in Sources */ = {isa = PBXBuildFile; fileRef = CE790A7626A866FB00A78E4E /* AppDelegate.swift */; };
		CE790A7926A866FB00A78E4E /* SceneDelegate.swift in Sources */ = {isa = PBXBuildFile; fileRef = CE790A7826A866FB00A78E4E /* SceneDelegate.swift */; };
		CE790A7B26A866FB00A78E4E /* LoginViewController.swift in Sources */ = {isa = PBXBuildFile; fileRef = CE790A7A26A866FB00A78E4E /* LoginViewController.swift */; };
		CE790A8026A866FD00A78E4E /* Assets.xcassets in Resources */ = {isa = PBXBuildFile; fileRef = CE790A7F26A866FD00A78E4E /* Assets.xcassets */; };
		CE790A8326A866FD00A78E4E /* LaunchScreen.storyboard in Resources */ = {isa = PBXBuildFile; fileRef = CE790A8126A866FD00A78E4E /* LaunchScreen.storyboard */; };
		CE790A8E26A866FD00A78E4E /* FavoriteUsersTests.swift in Sources */ = {isa = PBXBuildFile; fileRef = CE790A8D26A866FD00A78E4E /* FavoriteUsersTests.swift */; };
		CE790A9926A866FD00A78E4E /* FavoriteUsersUITests.swift in Sources */ = {isa = PBXBuildFile; fileRef = CE790A9826A866FD00A78E4E /* FavoriteUsersUITests.swift */; };
		CE790AAD26A86FC400A78E4E /* UsersViewController.swift in Sources */ = {isa = PBXBuildFile; fileRef = CE790AAC26A86FC400A78E4E /* UsersViewController.swift */; };
		CE790AB026A96B0100A78E4E /* LoginState.swift in Sources */ = {isa = PBXBuildFile; fileRef = CE790AAF26A96B0100A78E4E /* LoginState.swift */; };
		CE790AB226A96DFF00A78E4E /* LoginStateTests.swift in Sources */ = {isa = PBXBuildFile; fileRef = CE790AB126A96DFF00A78E4E /* LoginStateTests.swift */; };
		CE790AB526A9700900A78E4E /* PersistentStorage.swift in Sources */ = {isa = PBXBuildFile; fileRef = CE790AB426A9700900A78E4E /* PersistentStorage.swift */; };
		CE790AB926A9850F00A78E4E /* KeyboardStateObserver.swift in Sources */ = {isa = PBXBuildFile; fileRef = CE790AB826A9850F00A78E4E /* KeyboardStateObserver.swift */; };
		CE790ABC26A9AFBE00A78E4E /* TextFieldWithPadding.swift in Sources */ = {isa = PBXBuildFile; fileRef = CE790ABB26A9AFBE00A78E4E /* TextFieldWithPadding.swift */; };
		CE790ABF26A9AFF800A78E4E /* DoubleTextFieldView.swift in Sources */ = {isa = PBXBuildFile; fileRef = CE790ABE26A9AFF800A78E4E /* DoubleTextFieldView.swift */; };
		CE790AC126A9B85B00A78E4E /* NetworkingService.swift in Sources */ = {isa = PBXBuildFile; fileRef = CE790AC026A9B85B00A78E4E /* NetworkingService.swift */; };
		CE790AC326A9BA0F00A78E4E /* LoginInteractor.swift in Sources */ = {isa = PBXBuildFile; fileRef = CE790AC226A9BA0F00A78E4E /* LoginInteractor.swift */; };
		CE790AC526A9C73A00A78E4E /* LoginAssembler.swift in Sources */ = {isa = PBXBuildFile; fileRef = CE790AC426A9C73A00A78E4E /* LoginAssembler.swift */; };
		CE790AC826A9C90B00A78E4E /* TokenContainerRepository.swift in Sources */ = {isa = PBXBuildFile; fileRef = CE790AC726A9C90B00A78E4E /* TokenContainerRepository.swift */; };
		CE790ACB26A9CADC00A78E4E /* TokenContainer.swift in Sources */ = {isa = PBXBuildFile; fileRef = CE790ACA26A9CADC00A78E4E /* TokenContainer.swift */; };
		CE790ACD26A9CAFA00A78E4E /* LoginProtocols.swift in Sources */ = {isa = PBXBuildFile; fileRef = CE790ACC26A9CAFA00A78E4E /* LoginProtocols.swift */; };
		CE790ACF26A9CF1800A78E4E /* Extensions.swift in Sources */ = {isa = PBXBuildFile; fileRef = CE790ACE26A9CF1800A78E4E /* Extensions.swift */; };
/* End PBXBuildFile section */

/* Begin PBXContainerItemProxy section */
		CE790A8A26A866FD00A78E4E /* PBXContainerItemProxy */ = {
			isa = PBXContainerItemProxy;
			containerPortal = CE790A6B26A866FB00A78E4E /* Project object */;
			proxyType = 1;
			remoteGlobalIDString = CE790A7226A866FB00A78E4E;
			remoteInfo = FavoriteUsers;
		};
		CE790A9526A866FD00A78E4E /* PBXContainerItemProxy */ = {
			isa = PBXContainerItemProxy;
			containerPortal = CE790A6B26A866FB00A78E4E /* Project object */;
			proxyType = 1;
			remoteGlobalIDString = CE790A7226A866FB00A78E4E;
			remoteInfo = FavoriteUsers;
		};
/* End PBXContainerItemProxy section */

/* Begin PBXFileReference section */
		CE36C96B26ADBDA500382DEB /* UsersData.swift */ = {isa = PBXFileReference; lastKnownFileType = sourcecode.swift; path = UsersData.swift; sourceTree = "<group>"; };
		CE36C96E26ADBF3D00382DEB /* User.swift */ = {isa = PBXFileReference; lastKnownFileType = sourcecode.swift; path = User.swift; sourceTree = "<group>"; };
		CE36C97026ADBF5B00382DEB /* UserTests.swift */ = {isa = PBXFileReference; lastKnownFileType = sourcecode.swift; path = UserTests.swift; sourceTree = "<group>"; };
		CE790A7326A866FB00A78E4E /* FavoriteUsers.app */ = {isa = PBXFileReference; explicitFileType = wrapper.application; includeInIndex = 0; path = FavoriteUsers.app; sourceTree = BUILT_PRODUCTS_DIR; };
		CE790A7626A866FB00A78E4E /* AppDelegate.swift */ = {isa = PBXFileReference; lastKnownFileType = sourcecode.swift; path = AppDelegate.swift; sourceTree = "<group>"; };
		CE790A7826A866FB00A78E4E /* SceneDelegate.swift */ = {isa = PBXFileReference; lastKnownFileType = sourcecode.swift; path = SceneDelegate.swift; sourceTree = "<group>"; };
		CE790A7A26A866FB00A78E4E /* LoginViewController.swift */ = {isa = PBXFileReference; lastKnownFileType = sourcecode.swift; path = LoginViewController.swift; sourceTree = "<group>"; };
		CE790A7F26A866FD00A78E4E /* Assets.xcassets */ = {isa = PBXFileReference; lastKnownFileType = folder.assetcatalog; path = Assets.xcassets; sourceTree = "<group>"; };
		CE790A8226A866FD00A78E4E /* Base */ = {isa = PBXFileReference; lastKnownFileType = file.storyboard; name = Base; path = Base.lproj/LaunchScreen.storyboard; sourceTree = "<group>"; };
		CE790A8426A866FD00A78E4E /* Info.plist */ = {isa = PBXFileReference; lastKnownFileType = text.plist.xml; path = Info.plist; sourceTree = "<group>"; };
		CE790A8926A866FD00A78E4E /* FavoriteUsersTests.xctest */ = {isa = PBXFileReference; explicitFileType = wrapper.cfbundle; includeInIndex = 0; path = FavoriteUsersTests.xctest; sourceTree = BUILT_PRODUCTS_DIR; };
		CE790A8D26A866FD00A78E4E /* FavoriteUsersTests.swift */ = {isa = PBXFileReference; lastKnownFileType = sourcecode.swift; path = FavoriteUsersTests.swift; sourceTree = "<group>"; };
		CE790A8F26A866FD00A78E4E /* Info.plist */ = {isa = PBXFileReference; lastKnownFileType = text.plist.xml; path = Info.plist; sourceTree = "<group>"; };
		CE790A9426A866FD00A78E4E /* FavoriteUsersUITests.xctest */ = {isa = PBXFileReference; explicitFileType = wrapper.cfbundle; includeInIndex = 0; path = FavoriteUsersUITests.xctest; sourceTree = BUILT_PRODUCTS_DIR; };
		CE790A9826A866FD00A78E4E /* FavoriteUsersUITests.swift */ = {isa = PBXFileReference; lastKnownFileType = sourcecode.swift; path = FavoriteUsersUITests.swift; sourceTree = "<group>"; };
		CE790A9A26A866FD00A78E4E /* Info.plist */ = {isa = PBXFileReference; lastKnownFileType = text.plist.xml; path = Info.plist; sourceTree = "<group>"; };
		CE790AAC26A86FC400A78E4E /* UsersViewController.swift */ = {isa = PBXFileReference; lastKnownFileType = sourcecode.swift; path = UsersViewController.swift; sourceTree = "<group>"; };
		CE790AAF26A96B0100A78E4E /* LoginState.swift */ = {isa = PBXFileReference; lastKnownFileType = sourcecode.swift; path = LoginState.swift; sourceTree = "<group>"; };
		CE790AB126A96DFF00A78E4E /* LoginStateTests.swift */ = {isa = PBXFileReference; lastKnownFileType = sourcecode.swift; path = LoginStateTests.swift; sourceTree = "<group>"; };
		CE790AB426A9700900A78E4E /* PersistentStorage.swift */ = {isa = PBXFileReference; lastKnownFileType = sourcecode.swift; path = PersistentStorage.swift; sourceTree = "<group>"; };
		CE790AB826A9850F00A78E4E /* KeyboardStateObserver.swift */ = {isa = PBXFileReference; fileEncoding = 4; lastKnownFileType = sourcecode.swift; path = KeyboardStateObserver.swift; sourceTree = "<group>"; };
		CE790ABB26A9AFBE00A78E4E /* TextFieldWithPadding.swift */ = {isa = PBXFileReference; lastKnownFileType = sourcecode.swift; path = TextFieldWithPadding.swift; sourceTree = "<group>"; };
		CE790ABE26A9AFF800A78E4E /* DoubleTextFieldView.swift */ = {isa = PBXFileReference; lastKnownFileType = sourcecode.swift; path = DoubleTextFieldView.swift; sourceTree = "<group>"; };
		CE790AC026A9B85B00A78E4E /* NetworkingService.swift */ = {isa = PBXFileReference; lastKnownFileType = sourcecode.swift; path = NetworkingService.swift; sourceTree = "<group>"; };
		CE790AC226A9BA0F00A78E4E /* LoginInteractor.swift */ = {isa = PBXFileReference; lastKnownFileType = sourcecode.swift; path = LoginInteractor.swift; sourceTree = "<group>"; };
		CE790AC426A9C73A00A78E4E /* LoginAssembler.swift */ = {isa = PBXFileReference; lastKnownFileType = sourcecode.swift; path = LoginAssembler.swift; sourceTree = "<group>"; };
		CE790AC726A9C90B00A78E4E /* TokenContainerRepository.swift */ = {isa = PBXFileReference; lastKnownFileType = sourcecode.swift; path = TokenContainerRepository.swift; sourceTree = "<group>"; };
		CE790ACA26A9CADC00A78E4E /* TokenContainer.swift */ = {isa = PBXFileReference; lastKnownFileType = sourcecode.swift; path = TokenContainer.swift; sourceTree = "<group>"; };
		CE790ACC26A9CAFA00A78E4E /* LoginProtocols.swift */ = {isa = PBXFileReference; lastKnownFileType = sourcecode.swift; path = LoginProtocols.swift; sourceTree = "<group>"; };
		CE790ACE26A9CF1800A78E4E /* Extensions.swift */ = {isa = PBXFileReference; lastKnownFileType = sourcecode.swift; path = Extensions.swift; sourceTree = "<group>"; };
/* End PBXFileReference section */

/* Begin PBXFrameworksBuildPhase section */
		CE790A7026A866FB00A78E4E /* Frameworks */ = {
			isa = PBXFrameworksBuildPhase;
			buildActionMask = 2147483647;
			files = (
			);
			runOnlyForDeploymentPostprocessing = 0;
		};
		CE790A8626A866FD00A78E4E /* Frameworks */ = {
			isa = PBXFrameworksBuildPhase;
			buildActionMask = 2147483647;
			files = (
			);
			runOnlyForDeploymentPostprocessing = 0;
		};
		CE790A9126A866FD00A78E4E /* Frameworks */ = {
			isa = PBXFrameworksBuildPhase;
			buildActionMask = 2147483647;
			files = (
			);
			runOnlyForDeploymentPostprocessing = 0;
		};
/* End PBXFrameworksBuildPhase section */

/* Begin PBXGroup section */
		CE36C96D26ADBF2C00382DEB /* Model */ = {
			isa = PBXGroup;
			children = (
				CE36C96E26ADBF3D00382DEB /* User.swift */,
				CE36C96B26ADBDA500382DEB /* UsersData.swift */,
			);
			path = Model;
			sourceTree = "<group>";
		};
		CE790A6A26A866FB00A78E4E = {
			isa = PBXGroup;
			children = (
				CE790A7526A866FB00A78E4E /* FavoriteUsers */,
				CE790A8C26A866FD00A78E4E /* FavoriteUsersTests */,
				CE790A9726A866FD00A78E4E /* FavoriteUsersUITests */,
				CE790A7426A866FB00A78E4E /* Products */,
			);
			sourceTree = "<group>";
		};
		CE790A7426A866FB00A78E4E /* Products */ = {
			isa = PBXGroup;
			children = (
				CE790A7326A866FB00A78E4E /* FavoriteUsers.app */,
				CE790A8926A866FD00A78E4E /* FavoriteUsersTests.xctest */,
				CE790A9426A866FD00A78E4E /* FavoriteUsersUITests.xctest */,
			);
			name = Products;
			sourceTree = "<group>";
		};
		CE790A7526A866FB00A78E4E /* FavoriteUsers */ = {
			isa = PBXGroup;
			children = (
				CE790AAA26A86F7000A78E4E /* Common */,
				CE790AA926A86ED800A78E4E /* Application */,
				CE790AA626A86EBA00A78E4E /* Modules */,
				CE790A8126A866FD00A78E4E /* LaunchScreen.storyboard */,
				CE790A8426A866FD00A78E4E /* Info.plist */,
			);
			path = FavoriteUsers;
			sourceTree = "<group>";
		};
		CE790A8C26A866FD00A78E4E /* FavoriteUsersTests */ = {
			isa = PBXGroup;
			children = (
				CE790A8D26A866FD00A78E4E /* FavoriteUsersTests.swift */,
				CE790AB126A96DFF00A78E4E /* LoginStateTests.swift */,
				CE36C97026ADBF5B00382DEB /* UserTests.swift */,
				CE790A8F26A866FD00A78E4E /* Info.plist */,
			);
			path = FavoriteUsersTests;
			sourceTree = "<group>";
		};
		CE790A9726A866FD00A78E4E /* FavoriteUsersUITests */ = {
			isa = PBXGroup;
			children = (
				CE790A9826A866FD00A78E4E /* FavoriteUsersUITests.swift */,
				CE790A9A26A866FD00A78E4E /* Info.plist */,
			);
			path = FavoriteUsersUITests;
			sourceTree = "<group>";
		};
		CE790AA626A86EBA00A78E4E /* Modules */ = {
			isa = PBXGroup;
			children = (
				CE790AA726A86EC600A78E4E /* Login */,
				CE790AA826A86ECE00A78E4E /* Users */,
			);
			path = Modules;
			sourceTree = "<group>";
		};
		CE790AA726A86EC600A78E4E /* Login */ = {
			isa = PBXGroup;
			children = (
				CE790ACC26A9CAFA00A78E4E /* LoginProtocols.swift */,
				CE790AC426A9C73A00A78E4E /* LoginAssembler.swift */,
				CE790AC926A9CACC00A78E4E /* Model */,
				CE790AC626A9C8F400A78E4E /* Interactor */,
				CE790ABD26A9AFDA00A78E4E /* View */,
			);
			path = Login;
			sourceTree = "<group>";
		};
		CE790AA826A86ECE00A78E4E /* Users */ = {
			isa = PBXGroup;
			children = (
				CE36C96D26ADBF2C00382DEB /* Model */,
				CE790AAC26A86FC400A78E4E /* UsersViewController.swift */,
			);
			path = Users;
			sourceTree = "<group>";
		};
		CE790AA926A86ED800A78E4E /* Application */ = {
			isa = PBXGroup;
			children = (
				CE790A7626A866FB00A78E4E /* AppDelegate.swift */,
				CE790A7826A866FB00A78E4E /* SceneDelegate.swift */,
			);
			path = Application;
			sourceTree = "<group>";
		};
		CE790AAA26A86F7000A78E4E /* Common */ = {
			isa = PBXGroup;
			children = (
				CE790ACE26A9CF1800A78E4E /* Extensions.swift */,
				CE790ABA26A9AFAF00A78E4E /* Views */,
				CE790AB326A96FFB00A78E4E /* Services */,
				CE790AAE26A96AE100A78E4E /* Model */,
			);
			path = Common;
			sourceTree = "<group>";
		};
		CE790AAE26A96AE100A78E4E /* Model */ = {
			isa = PBXGroup;
			children = (
				CE790AAF26A96B0100A78E4E /* LoginState.swift */,
			);
			path = Model;
			sourceTree = "<group>";
		};
		CE790AB326A96FFB00A78E4E /* Services */ = {
			isa = PBXGroup;
			children = (
				CE790AB826A9850F00A78E4E /* KeyboardStateObserver.swift */,
				CE790AB426A9700900A78E4E /* PersistentStorage.swift */,
				CE790A7F26A866FD00A78E4E /* Assets.xcassets */,
				CE790AC026A9B85B00A78E4E /* NetworkingService.swift */,
			);
			path = Services;
			sourceTree = "<group>";
		};
		CE790ABA26A9AFAF00A78E4E /* Views */ = {
			isa = PBXGroup;
			children = (
				CE790ABB26A9AFBE00A78E4E /* TextFieldWithPadding.swift */,
			);
			path = Views;
			sourceTree = "<group>";
		};
		CE790ABD26A9AFDA00A78E4E /* View */ = {
			isa = PBXGroup;
			children = (
				CE790A7A26A866FB00A78E4E /* LoginViewController.swift */,
				CE790ABE26A9AFF800A78E4E /* DoubleTextFieldView.swift */,
			);
			path = View;
			sourceTree = "<group>";
		};
		CE790AC626A9C8F400A78E4E /* Interactor */ = {
			isa = PBXGroup;
			children = (
				CE790AC226A9BA0F00A78E4E /* LoginInteractor.swift */,
				CE790AC726A9C90B00A78E4E /* TokenContainerRepository.swift */,
			);
			path = Interactor;
			sourceTree = "<group>";
		};
		CE790AC926A9CACC00A78E4E /* Model */ = {
			isa = PBXGroup;
			children = (
				CE790ACA26A9CADC00A78E4E /* TokenContainer.swift */,
			);
			path = Model;
			sourceTree = "<group>";
		};
/* End PBXGroup section */

/* Begin PBXNativeTarget section */
		CE790A7226A866FB00A78E4E /* FavoriteUsers */ = {
			isa = PBXNativeTarget;
			buildConfigurationList = CE790A9D26A866FD00A78E4E /* Build configuration list for PBXNativeTarget "FavoriteUsers" */;
			buildPhases = (
				CE790A6F26A866FB00A78E4E /* Sources */,
				CE790A7026A866FB00A78E4E /* Frameworks */,
				CE790A7126A866FB00A78E4E /* Resources */,
			);
			buildRules = (
			);
			dependencies = (
			);
			name = FavoriteUsers;
			productName = FavoriteUsers;
			productReference = CE790A7326A866FB00A78E4E /* FavoriteUsers.app */;
			productType = "com.apple.product-type.application";
		};
		CE790A8826A866FD00A78E4E /* FavoriteUsersTests */ = {
			isa = PBXNativeTarget;
			buildConfigurationList = CE790AA026A866FD00A78E4E /* Build configuration list for PBXNativeTarget "FavoriteUsersTests" */;
			buildPhases = (
				CE790A8526A866FD00A78E4E /* Sources */,
				CE790A8626A866FD00A78E4E /* Frameworks */,
				CE790A8726A866FD00A78E4E /* Resources */,
			);
			buildRules = (
			);
			dependencies = (
				CE790A8B26A866FD00A78E4E /* PBXTargetDependency */,
			);
			name = FavoriteUsersTests;
			productName = FavoriteUsersTests;
			productReference = CE790A8926A866FD00A78E4E /* FavoriteUsersTests.xctest */;
			productType = "com.apple.product-type.bundle.unit-test";
		};
		CE790A9326A866FD00A78E4E /* FavoriteUsersUITests */ = {
			isa = PBXNativeTarget;
			buildConfigurationList = CE790AA326A866FD00A78E4E /* Build configuration list for PBXNativeTarget "FavoriteUsersUITests" */;
			buildPhases = (
				CE790A9026A866FD00A78E4E /* Sources */,
				CE790A9126A866FD00A78E4E /* Frameworks */,
				CE790A9226A866FD00A78E4E /* Resources */,
			);
			buildRules = (
			);
			dependencies = (
				CE790A9626A866FD00A78E4E /* PBXTargetDependency */,
			);
			name = FavoriteUsersUITests;
			productName = FavoriteUsersUITests;
			productReference = CE790A9426A866FD00A78E4E /* FavoriteUsersUITests.xctest */;
			productType = "com.apple.product-type.bundle.ui-testing";
		};
/* End PBXNativeTarget section */

/* Begin PBXProject section */
		CE790A6B26A866FB00A78E4E /* Project object */ = {
			isa = PBXProject;
			attributes = {
				LastSwiftUpdateCheck = 1250;
				LastUpgradeCheck = 1250;
				TargetAttributes = {
					CE790A7226A866FB00A78E4E = {
						CreatedOnToolsVersion = 12.5.1;
					};
					CE790A8826A866FD00A78E4E = {
						CreatedOnToolsVersion = 12.5.1;
						TestTargetID = CE790A7226A866FB00A78E4E;
					};
					CE790A9326A866FD00A78E4E = {
						CreatedOnToolsVersion = 12.5.1;
						TestTargetID = CE790A7226A866FB00A78E4E;
					};
				};
			};
			buildConfigurationList = CE790A6E26A866FB00A78E4E /* Build configuration list for PBXProject "FavoriteUsers" */;
			compatibilityVersion = "Xcode 9.3";
			developmentRegion = en;
			hasScannedForEncodings = 0;
			knownRegions = (
				en,
				Base,
			);
			mainGroup = CE790A6A26A866FB00A78E4E;
			productRefGroup = CE790A7426A866FB00A78E4E /* Products */;
			projectDirPath = "";
			projectRoot = "";
			targets = (
				CE790A7226A866FB00A78E4E /* FavoriteUsers */,
				CE790A8826A866FD00A78E4E /* FavoriteUsersTests */,
				CE790A9326A866FD00A78E4E /* FavoriteUsersUITests */,
			);
		};
/* End PBXProject section */

/* Begin PBXResourcesBuildPhase section */
		CE790A7126A866FB00A78E4E /* Resources */ = {
			isa = PBXResourcesBuildPhase;
			buildActionMask = 2147483647;
			files = (
				CE790A8326A866FD00A78E4E /* LaunchScreen.storyboard in Resources */,
				CE790A8026A866FD00A78E4E /* Assets.xcassets in Resources */,
			);
			runOnlyForDeploymentPostprocessing = 0;
		};
		CE790A8726A866FD00A78E4E /* Resources */ = {
			isa = PBXResourcesBuildPhase;
			buildActionMask = 2147483647;
			files = (
			);
			runOnlyForDeploymentPostprocessing = 0;
		};
		CE790A9226A866FD00A78E4E /* Resources */ = {
			isa = PBXResourcesBuildPhase;
			buildActionMask = 2147483647;
			files = (
			);
			runOnlyForDeploymentPostprocessing = 0;
		};
/* End PBXResourcesBuildPhase section */

/* Begin PBXSourcesBuildPhase section */
		CE790A6F26A866FB00A78E4E /* Sources */ = {
			isa = PBXSourcesBuildPhase;
			buildActionMask = 2147483647;
			files = (
				CE36C96C26ADBDA500382DEB /* UsersData.swift in Sources */,
				CE790AB526A9700900A78E4E /* PersistentStorage.swift in Sources */,
				CE790ACD26A9CAFA00A78E4E /* LoginProtocols.swift in Sources */,
				CE790ACB26A9CADC00A78E4E /* TokenContainer.swift in Sources */,
				CE790AC326A9BA0F00A78E4E /* LoginInteractor.swift in Sources */,
				CE790AC526A9C73A00A78E4E /* LoginAssembler.swift in Sources */,
				CE790ABC26A9AFBE00A78E4E /* TextFieldWithPadding.swift in Sources */,
				CE790ABF26A9AFF800A78E4E /* DoubleTextFieldView.swift in Sources */,
				CE790AB026A96B0100A78E4E /* LoginState.swift in Sources */,
				CE790AB926A9850F00A78E4E /* KeyboardStateObserver.swift in Sources */,
				CE790AC126A9B85B00A78E4E /* NetworkingService.swift in Sources */,
				CE790A7B26A866FB00A78E4E /* LoginViewController.swift in Sources */,
				CE790ACF26A9CF1800A78E4E /* Extensions.swift in Sources */,
				CE790AC826A9C90B00A78E4E /* TokenContainerRepository.swift in Sources */,
				CE36C96F26ADBF3D00382DEB /* User.swift in Sources */,
				CE790AAD26A86FC400A78E4E /* UsersViewController.swift in Sources */,
				CE790A7726A866FB00A78E4E /* AppDelegate.swift in Sources */,
				CE790A7926A866FB00A78E4E /* SceneDelegate.swift in Sources */,
			);
			runOnlyForDeploymentPostprocessing = 0;
		};
		CE790A8526A866FD00A78E4E /* Sources */ = {
			isa = PBXSourcesBuildPhase;
			buildActionMask = 2147483647;
			files = (
				CE36C97126ADBF5B00382DEB /* UserTests.swift in Sources */,
				CE790A8E26A866FD00A78E4E /* FavoriteUsersTests.swift in Sources */,
				CE790AB226A96DFF00A78E4E /* LoginStateTests.swift in Sources */,
			);
			runOnlyForDeploymentPostprocessing = 0;
		};
		CE790A9026A866FD00A78E4E /* Sources */ = {
			isa = PBXSourcesBuildPhase;
			buildActionMask = 2147483647;
			files = (
				CE790A9926A866FD00A78E4E /* FavoriteUsersUITests.swift in Sources */,
			);
			runOnlyForDeploymentPostprocessing = 0;
		};
/* End PBXSourcesBuildPhase section */

/* Begin PBXTargetDependency section */
		CE790A8B26A866FD00A78E4E /* PBXTargetDependency */ = {
			isa = PBXTargetDependency;
			target = CE790A7226A866FB00A78E4E /* FavoriteUsers */;
			targetProxy = CE790A8A26A866FD00A78E4E /* PBXContainerItemProxy */;
		};
		CE790A9626A866FD00A78E4E /* PBXTargetDependency */ = {
			isa = PBXTargetDependency;
			target = CE790A7226A866FB00A78E4E /* FavoriteUsers */;
			targetProxy = CE790A9526A866FD00A78E4E /* PBXContainerItemProxy */;
		};
/* End PBXTargetDependency section */

/* Begin PBXVariantGroup section */
		CE790A8126A866FD00A78E4E /* LaunchScreen.storyboard */ = {
			isa = PBXVariantGroup;
			children = (
				CE790A8226A866FD00A78E4E /* Base */,
			);
			name = LaunchScreen.storyboard;
			sourceTree = "<group>";
		};
/* End PBXVariantGroup section */

/* Begin XCBuildConfiguration section */
		CE790A9B26A866FD00A78E4E /* Debug */ = {
			isa = XCBuildConfiguration;
			buildSettings = {
				ALWAYS_SEARCH_USER_PATHS = NO;
				CLANG_ANALYZER_NONNULL = YES;
				CLANG_ANALYZER_NUMBER_OBJECT_CONVERSION = YES_AGGRESSIVE;
				CLANG_CXX_LANGUAGE_STANDARD = "gnu++14";
				CLANG_CXX_LIBRARY = "libc++";
				CLANG_ENABLE_MODULES = YES;
				CLANG_ENABLE_OBJC_ARC = YES;
				CLANG_ENABLE_OBJC_WEAK = YES;
				CLANG_WARN_BLOCK_CAPTURE_AUTORELEASING = YES;
				CLANG_WARN_BOOL_CONVERSION = YES;
				CLANG_WARN_COMMA = YES;
				CLANG_WARN_CONSTANT_CONVERSION = YES;
				CLANG_WARN_DEPRECATED_OBJC_IMPLEMENTATIONS = YES;
				CLANG_WARN_DIRECT_OBJC_ISA_USAGE = YES_ERROR;
				CLANG_WARN_DOCUMENTATION_COMMENTS = YES;
				CLANG_WARN_EMPTY_BODY = YES;
				CLANG_WARN_ENUM_CONVERSION = YES;
				CLANG_WARN_INFINITE_RECURSION = YES;
				CLANG_WARN_INT_CONVERSION = YES;
				CLANG_WARN_NON_LITERAL_NULL_CONVERSION = YES;
				CLANG_WARN_OBJC_IMPLICIT_RETAIN_SELF = YES;
				CLANG_WARN_OBJC_LITERAL_CONVERSION = YES;
				CLANG_WARN_OBJC_ROOT_CLASS = YES_ERROR;
				CLANG_WARN_QUOTED_INCLUDE_IN_FRAMEWORK_HEADER = YES;
				CLANG_WARN_RANGE_LOOP_ANALYSIS = YES;
				CLANG_WARN_STRICT_PROTOTYPES = YES;
				CLANG_WARN_SUSPICIOUS_MOVE = YES;
				CLANG_WARN_UNGUARDED_AVAILABILITY = YES_AGGRESSIVE;
				CLANG_WARN_UNREACHABLE_CODE = YES;
				CLANG_WARN__DUPLICATE_METHOD_MATCH = YES;
				COPY_PHASE_STRIP = NO;
				DEBUG_INFORMATION_FORMAT = dwarf;
				ENABLE_STRICT_OBJC_MSGSEND = YES;
				ENABLE_TESTABILITY = YES;
				GCC_C_LANGUAGE_STANDARD = gnu11;
				GCC_DYNAMIC_NO_PIC = NO;
				GCC_NO_COMMON_BLOCKS = YES;
				GCC_OPTIMIZATION_LEVEL = 0;
				GCC_PREPROCESSOR_DEFINITIONS = (
					"DEBUG=1",
					"$(inherited)",
				);
				GCC_WARN_64_TO_32_BIT_CONVERSION = YES;
				GCC_WARN_ABOUT_RETURN_TYPE = YES_ERROR;
				GCC_WARN_UNDECLARED_SELECTOR = YES;
				GCC_WARN_UNINITIALIZED_AUTOS = YES_AGGRESSIVE;
				GCC_WARN_UNUSED_FUNCTION = YES;
				GCC_WARN_UNUSED_VARIABLE = YES;
				IPHONEOS_DEPLOYMENT_TARGET = 14.5;
				MTL_ENABLE_DEBUG_INFO = INCLUDE_SOURCE;
				MTL_FAST_MATH = YES;
				ONLY_ACTIVE_ARCH = YES;
				SDKROOT = iphoneos;
				SWIFT_ACTIVE_COMPILATION_CONDITIONS = DEBUG;
				SWIFT_OPTIMIZATION_LEVEL = "-Onone";
			};
			name = Debug;
		};
		CE790A9C26A866FD00A78E4E /* Release */ = {
			isa = XCBuildConfiguration;
			buildSettings = {
				ALWAYS_SEARCH_USER_PATHS = NO;
				CLANG_ANALYZER_NONNULL = YES;
				CLANG_ANALYZER_NUMBER_OBJECT_CONVERSION = YES_AGGRESSIVE;
				CLANG_CXX_LANGUAGE_STANDARD = "gnu++14";
				CLANG_CXX_LIBRARY = "libc++";
				CLANG_ENABLE_MODULES = YES;
				CLANG_ENABLE_OBJC_ARC = YES;
				CLANG_ENABLE_OBJC_WEAK = YES;
				CLANG_WARN_BLOCK_CAPTURE_AUTORELEASING = YES;
				CLANG_WARN_BOOL_CONVERSION = YES;
				CLANG_WARN_COMMA = YES;
				CLANG_WARN_CONSTANT_CONVERSION = YES;
				CLANG_WARN_DEPRECATED_OBJC_IMPLEMENTATIONS = YES;
				CLANG_WARN_DIRECT_OBJC_ISA_USAGE = YES_ERROR;
				CLANG_WARN_DOCUMENTATION_COMMENTS = YES;
				CLANG_WARN_EMPTY_BODY = YES;
				CLANG_WARN_ENUM_CONVERSION = YES;
				CLANG_WARN_INFINITE_RECURSION = YES;
				CLANG_WARN_INT_CONVERSION = YES;
				CLANG_WARN_NON_LITERAL_NULL_CONVERSION = YES;
				CLANG_WARN_OBJC_IMPLICIT_RETAIN_SELF = YES;
				CLANG_WARN_OBJC_LITERAL_CONVERSION = YES;
				CLANG_WARN_OBJC_ROOT_CLASS = YES_ERROR;
				CLANG_WARN_QUOTED_INCLUDE_IN_FRAMEWORK_HEADER = YES;
				CLANG_WARN_RANGE_LOOP_ANALYSIS = YES;
				CLANG_WARN_STRICT_PROTOTYPES = YES;
				CLANG_WARN_SUSPICIOUS_MOVE = YES;
				CLANG_WARN_UNGUARDED_AVAILABILITY = YES_AGGRESSIVE;
				CLANG_WARN_UNREACHABLE_CODE = YES;
				CLANG_WARN__DUPLICATE_METHOD_MATCH = YES;
				COPY_PHASE_STRIP = NO;
				DEBUG_INFORMATION_FORMAT = "dwarf-with-dsym";
				ENABLE_NS_ASSERTIONS = NO;
				ENABLE_STRICT_OBJC_MSGSEND = YES;
				GCC_C_LANGUAGE_STANDARD = gnu11;
				GCC_NO_COMMON_BLOCKS = YES;
				GCC_WARN_64_TO_32_BIT_CONVERSION = YES;
				GCC_WARN_ABOUT_RETURN_TYPE = YES_ERROR;
				GCC_WARN_UNDECLARED_SELECTOR = YES;
				GCC_WARN_UNINITIALIZED_AUTOS = YES_AGGRESSIVE;
				GCC_WARN_UNUSED_FUNCTION = YES;
				GCC_WARN_UNUSED_VARIABLE = YES;
				IPHONEOS_DEPLOYMENT_TARGET = 14.5;
				MTL_ENABLE_DEBUG_INFO = NO;
				MTL_FAST_MATH = YES;
				SDKROOT = iphoneos;
				SWIFT_COMPILATION_MODE = wholemodule;
				SWIFT_OPTIMIZATION_LEVEL = "-O";
				VALIDATE_PRODUCT = YES;
			};
			name = Release;
		};
		CE790A9E26A866FD00A78E4E /* Debug */ = {
			isa = XCBuildConfiguration;
			buildSettings = {
				ASSETCATALOG_COMPILER_APPICON_NAME = AppIcon;
				ASSETCATALOG_COMPILER_GLOBAL_ACCENT_COLOR_NAME = AccentColor;
				CODE_SIGN_STYLE = Automatic;
				DEVELOPMENT_TEAM = M5YJ2XAG2D;
				INFOPLIST_FILE = FavoriteUsers/Info.plist;
				LD_RUNPATH_SEARCH_PATHS = (
					"$(inherited)",
					"@executable_path/Frameworks",
				);
				PRODUCT_BUNDLE_IDENTIFIER = com.andrey.FavoriteUsers;
				PRODUCT_NAME = "$(TARGET_NAME)";
				SWIFT_VERSION = 5.0;
				TARGETED_DEVICE_FAMILY = "1,2";
			};
			name = Debug;
		};
		CE790A9F26A866FD00A78E4E /* Release */ = {
			isa = XCBuildConfiguration;
			buildSettings = {
				ASSETCATALOG_COMPILER_APPICON_NAME = AppIcon;
				ASSETCATALOG_COMPILER_GLOBAL_ACCENT_COLOR_NAME = AccentColor;
				CODE_SIGN_STYLE = Automatic;
				DEVELOPMENT_TEAM = M5YJ2XAG2D;
				INFOPLIST_FILE = FavoriteUsers/Info.plist;
				LD_RUNPATH_SEARCH_PATHS = (
					"$(inherited)",
					"@executable_path/Frameworks",
				);
				PRODUCT_BUNDLE_IDENTIFIER = com.andrey.FavoriteUsers;
				PRODUCT_NAME = "$(TARGET_NAME)";
				SWIFT_VERSION = 5.0;
				TARGETED_DEVICE_FAMILY = "1,2";
			};
			name = Release;
		};
		CE790AA126A866FD00A78E4E /* Debug */ = {
			isa = XCBuildConfiguration;
			buildSettings = {
				ALWAYS_EMBED_SWIFT_STANDARD_LIBRARIES = YES;
				BUNDLE_LOADER = "$(TEST_HOST)";
				CODE_SIGN_STYLE = Automatic;
				DEVELOPMENT_TEAM = M5YJ2XAG2D;
				INFOPLIST_FILE = FavoriteUsersTests/Info.plist;
				IPHONEOS_DEPLOYMENT_TARGET = 14.5;
				LD_RUNPATH_SEARCH_PATHS = (
					"$(inherited)",
					"@executable_path/Frameworks",
					"@loader_path/Frameworks",
				);
				PRODUCT_BUNDLE_IDENTIFIER = com.andrey.FavoriteUsersTests;
				PRODUCT_NAME = "$(TARGET_NAME)";
				SWIFT_VERSION = 5.0;
				TARGETED_DEVICE_FAMILY = "1,2";
				TEST_HOST = "$(BUILT_PRODUCTS_DIR)/FavoriteUsers.app/FavoriteUsers";
			};
			name = Debug;
		};
		CE790AA226A866FD00A78E4E /* Release */ = {
			isa = XCBuildConfiguration;
			buildSettings = {
				ALWAYS_EMBED_SWIFT_STANDARD_LIBRARIES = YES;
				BUNDLE_LOADER = "$(TEST_HOST)";
				CODE_SIGN_STYLE = Automatic;
				DEVELOPMENT_TEAM = M5YJ2XAG2D;
				INFOPLIST_FILE = FavoriteUsersTests/Info.plist;
				IPHONEOS_DEPLOYMENT_TARGET = 14.5;
				LD_RUNPATH_SEARCH_PATHS = (
					"$(inherited)",
					"@executable_path/Frameworks",
					"@loader_path/Frameworks",
				);
				PRODUCT_BUNDLE_IDENTIFIER = com.andrey.FavoriteUsersTests;
				PRODUCT_NAME = "$(TARGET_NAME)";
				SWIFT_VERSION = 5.0;
				TARGETED_DEVICE_FAMILY = "1,2";
				TEST_HOST = "$(BUILT_PRODUCTS_DIR)/FavoriteUsers.app/FavoriteUsers";
			};
			name = Release;
		};
		CE790AA426A866FD00A78E4E /* Debug */ = {
			isa = XCBuildConfiguration;
			buildSettings = {
				ALWAYS_EMBED_SWIFT_STANDARD_LIBRARIES = YES;
				CODE_SIGN_STYLE = Automatic;
				DEVELOPMENT_TEAM = M5YJ2XAG2D;
				INFOPLIST_FILE = FavoriteUsersUITests/Info.plist;
				LD_RUNPATH_SEARCH_PATHS = (
					"$(inherited)",
					"@executable_path/Frameworks",
					"@loader_path/Frameworks",
				);
				PRODUCT_BUNDLE_IDENTIFIER = com.andrey.FavoriteUsersUITests;
				PRODUCT_NAME = "$(TARGET_NAME)";
				SWIFT_VERSION = 5.0;
				TARGETED_DEVICE_FAMILY = "1,2";
				TEST_TARGET_NAME = FavoriteUsers;
			};
			name = Debug;
		};
		CE790AA526A866FD00A78E4E /* Release */ = {
			isa = XCBuildConfiguration;
			buildSettings = {
				ALWAYS_EMBED_SWIFT_STANDARD_LIBRARIES = YES;
				CODE_SIGN_STYLE = Automatic;
				DEVELOPMENT_TEAM = M5YJ2XAG2D;
				INFOPLIST_FILE = FavoriteUsersUITests/Info.plist;
				LD_RUNPATH_SEARCH_PATHS = (
					"$(inherited)",
					"@executable_path/Frameworks",
					"@loader_path/Frameworks",
				);
				PRODUCT_BUNDLE_IDENTIFIER = com.andrey.FavoriteUsersUITests;
				PRODUCT_NAME = "$(TARGET_NAME)";
				SWIFT_VERSION = 5.0;
				TARGETED_DEVICE_FAMILY = "1,2";
				TEST_TARGET_NAME = FavoriteUsers;
			};
			name = Release;
		};
/* End XCBuildConfiguration section */

/* Begin XCConfigurationList section */
		CE790A6E26A866FB00A78E4E /* Build configuration list for PBXProject "FavoriteUsers" */ = {
			isa = XCConfigurationList;
			buildConfigurations = (
				CE790A9B26A866FD00A78E4E /* Debug */,
				CE790A9C26A866FD00A78E4E /* Release */,
			);
			defaultConfigurationIsVisible = 0;
			defaultConfigurationName = Release;
		};
		CE790A9D26A866FD00A78E4E /* Build configuration list for PBXNativeTarget "FavoriteUsers" */ = {
			isa = XCConfigurationList;
			buildConfigurations = (
				CE790A9E26A866FD00A78E4E /* Debug */,
				CE790A9F26A866FD00A78E4E /* Release */,
			);
			defaultConfigurationIsVisible = 0;
			defaultConfigurationName = Release;
		};
		CE790AA026A866FD00A78E4E /* Build configuration list for PBXNativeTarget "FavoriteUsersTests" */ = {
			isa = XCConfigurationList;
			buildConfigurations = (
				CE790AA126A866FD00A78E4E /* Debug */,
				CE790AA226A866FD00A78E4E /* Release */,
			);
			defaultConfigurationIsVisible = 0;
			defaultConfigurationName = Release;
		};
		CE790AA326A866FD00A78E4E /* Build configuration list for PBXNativeTarget "FavoriteUsersUITests" */ = {
			isa = XCConfigurationList;
			buildConfigurations = (
				CE790AA426A866FD00A78E4E /* Debug */,
				CE790AA526A866FD00A78E4E /* Release */,
			);
			defaultConfigurationIsVisible = 0;
			defaultConfigurationName = Release;
		};
/* End XCConfigurationList section */
	};
	rootObject = CE790A6B26A866FB00A78E4E /* Project object */;
}
